<?xml version="1.0" encoding="utf-8"?>
<Project ToolsVersion="4.0" xmlns="http://schemas.microsoft.com/developer/msbuild/2003">
  <ItemGroup>
    <ClCompile Include="Atomic Form Factor.cpp">
      <Filter>Debye</Filter>
    </ClCompile>
  </ItemGroup>
  <ItemGroup>
    <ClInclude Include="Atomic Form Factor.h">
      <Filter>Debye</Filter>
    </ClInclude>
  </ItemGroup>
  <ItemGroup>
    <Filter Include="Debye">
      <UniqueIdentifier>{09143a62-f584-4448-88a6-390bc4353e10}</UniqueIdentifier>
    </Filter>
  </ItemGroup>
</Project>