
Microsoft Visual Studio Solution File, Format Version 10.00
# Visual Studio 2008
Project("{8BC9CEB8-8B4A-11D0-8D11-00A0C91BC942}") = "PDBReader", "PDBReader\PDBReader.vcproj", "{9B34842B-8DF8-409A-A9D1-EBEB80D7B386}"
EndProject
Project("{8BC9CEB8-8B4A-11D0-8D11-00A0C91BC942}") = "DockingTest", "DockingTest\DockingTest.vcproj", "{EB59AA4B-EADB-4BFA-B496-D1941598FAFB}"
	ProjectSection(ProjectDependencies) = postProject
		{9B34842B-8DF8-409A-A9D1-EBEB80D7B386} = {9B34842B-8DF8-409A-A9D1-EBEB80D7B386}
	EndProjectSection
EndProject
Project("{8BC9CEB8-8B4A-11D0-8D11-00A0C91BC942}") = "svnrev", "..\Common\svnrev.vcproj", "{B9AACE51-440D-4EEE-8A9F-01A0F6A9B346}"
EndProject
Global
	GlobalSection(SolutionConfigurationPlatforms) = preSolution
		Debug|x64 = Debug|x64
		Release|x64 = Release|x64
	EndGlobalSection
	GlobalSection(ProjectConfigurationPlatforms) = postSolution
		{9B34842B-8DF8-409A-A9D1-EBEB80D7B386}.Debug|x64.ActiveCfg = Debug|x64
		{9B34842B-8DF8-409A-A9D1-EBEB80D7B386}.Debug|x64.Build.0 = Debug|x64
		{9B34842B-8DF8-409A-A9D1-EBEB80D7B386}.Release|x64.ActiveCfg = Release|x64
		{9B34842B-8DF8-409A-A9D1-EBEB80D7B386}.Release|x64.Build.0 = Release|x64
		{EB59AA4B-EADB-4BFA-B496-D1941598FAFB}.Debug|x64.ActiveCfg = Debug|x64
		{EB59AA4B-EADB-4BFA-B496-D1941598FAFB}.Debug|x64.Build.0 = Debug|x64
		{EB59AA4B-EADB-4BFA-B496-D1941598FAFB}.Release|x64.ActiveCfg = Release|x64
		{EB59AA4B-EADB-4BFA-B496-D1941598FAFB}.Release|x64.Build.0 = Release|x64
		{B9AACE51-440D-4EEE-8A9F-01A0F6A9B346}.Debug|x64.ActiveCfg = Debug|x64
		{B9AACE51-440D-4EEE-8A9F-01A0F6A9B346}.Debug|x64.Build.0 = Debug|x64
		{B9AACE51-440D-4EEE-8A9F-01A0F6A9B346}.Release|x64.ActiveCfg = Release|x64
		{B9AACE51-440D-4EEE-8A9F-01A0F6A9B346}.Release|x64.Build.0 = Release|x64
	EndGlobalSection
	GlobalSection(SolutionProperties) = preSolution
		HideSolutionNode = FALSE
	EndGlobalSection
EndGlobal
