<?xml version="1.0" encoding="utf-8"?>
<Project ToolsVersion="4.0" xmlns="http://schemas.microsoft.com/developer/msbuild/2003">
  <ItemGroup>
    <Filter Include="Source Files">
      <UniqueIdentifier>{4FC737F1-C7A5-4376-A066-2A32D752A2FF}</UniqueIdentifier>
      <Extensions>cpp;c;cc;cxx;def;odl;idl;hpj;bat;asm;asmx</Extensions>
    </Filter>
    <Filter Include="Source Files\File Management">
      <UniqueIdentifier>{109aded2-7df2-46e2-b9d8-efc00549b70f}</UniqueIdentifier>
    </Filter>
    <Filter Include="Source Files\File Management\SimpleINI">
      <UniqueIdentifier>{1c1b5004-e246-42bc-8a48-349b641f819e}</UniqueIdentifier>
    </Filter>
    <Filter Include="Header Files">
      <UniqueIdentifier>{93995380-89BD-4b04-88EB-625FBE52EBFB}</UniqueIdentifier>
      <Extensions>h;hpp;hxx;hm;inl;inc;xsd</Extensions>
    </Filter>
    <Filter Include="Header Files\File Management">
      <UniqueIdentifier>{3e59ac06-d721-45f0-aa3a-faa8a610d7bf}</UniqueIdentifier>
    </Filter>
    <Filter Include="Header Files\File Management\SimpleINI">
      <UniqueIdentifier>{1a4a0eab-264d-4114-81e0-272d312b363a}</UniqueIdentifier>
    </Filter>
    <Filter Include="Resource Files">
      <UniqueIdentifier>{67DA6AB6-F800-4c08-8B7A-83BB121AAD01}</UniqueIdentifier>
      <Extensions>rc;ico;cur;bmp;dlg;rc2;rct;bin;rgs;gif;jpg;jpeg;jpe;resx;tiff;tif;png;wav</Extensions>
    </Filter>
  </ItemGroup>
  <ItemGroup>
    <ClCompile Include="background.cpp">
      <Filter>Source Files</Filter>
    </ClCompile>
    <ClCompile Include="ExportedImplementations.cpp">
      <Filter>Source Files</Filter>
    </ClCompile>
    <ClCompile Include="LocalFrontend.cpp">
      <Filter>Source Files</Filter>
    </ClCompile>
    <ClCompile Include="..\..\Common\mathfuncs.cpp">
      <Filter>Source Files</Filter>
    </ClCompile>
    <ClCompile Include="ModelRenderer.cpp">
      <Filter>Source Files</Filter>
    </ClCompile>
    <ClCompile Include="ModelUI.cpp">
      <Filter>Source Files</Filter>
    </ClCompile>
    <ClCompile Include="smooth.cpp">
      <Filter>Source Files</Filter>
    </ClCompile>
    <ClCompile Include="..\..\Common\Statistics.cpp">
      <Filter>Source Files</Filter>
    </ClCompile>
    <ClCompile Include="BackwardsCompatibility.cpp">
      <Filter>Source Files\File Management</Filter>
    </ClCompile>
    <ClCompile Include="filemgt.cpp">
      <Filter>Source Files\File Management</Filter>
    </ClCompile>
    <ClCompile Include="inimgt.cpp">
      <Filter>Source Files\File Management</Filter>
    </ClCompile>
    <ClCompile Include="simpleini\ConvertUTF.c">
      <Filter>Source Files\File Management\SimpleINI</Filter>
    </ClCompile>
    <ClCompile Include="MetadataRepository.cpp">
      <Filter>Source Files</Filter>
    </ClCompile>
    <ClCompile Include="SingleContainerRepository.cpp">
      <Filter>Source Files</Filter>
    </ClCompile>
    <ClCompile Include="BackendAccessors.cpp">
      <Filter>Source Files</Filter>
    </ClCompile>
    <ClCompile Include="BackendCalls.cpp">
      <Filter>Source Files</Filter>
    </ClCompile>
    <ClCompile Include="BackendCallers.cpp">
      <Filter>Source Files</Filter>
    </ClCompile>
  </ItemGroup>
  <ItemGroup>
    <ClInclude Include="background.h">
      <Filter>Header Files</Filter>
    </ClInclude>
    <ClInclude Include="..\FrontendExported.h">
      <Filter>Header Files</Filter>
    </ClInclude>
    <ClInclude Include="..\..\BackendCommunication\LocalCommunication\LocalComm.h">
      <Filter>Header Files</Filter>
    </ClInclude>
    <ClInclude Include="..\..\Common\mathfuncs.h">
      <Filter>Header Files</Filter>
    </ClInclude>
    <ClInclude Include="..\ModelUI.h">
      <Filter>Header Files</Filter>
    </ClInclude>
    <ClInclude Include="..\..\Common\Statistics.h">
      <Filter>Header Files</Filter>
    </ClInclude>
    <ClInclude Include="BackwardsCompatibility.h">
      <Filter>Header Files\File Management</Filter>
    </ClInclude>
    <ClInclude Include="filemgt.h">
      <Filter>Header Files\File Management</Filter>
    </ClInclude>
    <ClInclude Include="inimgt.h">
      <Filter>Header Files\File Management</Filter>
    </ClInclude>
    <ClInclude Include="simpleini\ConvertUTF.h">
      <Filter>Header Files\File Management\SimpleINI</Filter>
    </ClInclude>
    <ClInclude Include="simpleini\SimpleIni.h">
      <Filter>Header Files\File Management\SimpleINI</Filter>
    </ClInclude>
    <ClInclude Include="MetadataRepository.h">
      <Filter>Header Files</Filter>
    </ClInclude>
    <ClInclude Include="BackendAccessors.h">
      <Filter>Header Files</Filter>
    </ClInclude>
    <ClInclude Include="BackendCalls.h">
      <Filter>Header Files</Filter>
    </ClInclude>
    <ClInclude Include="BackendCallers.h">
      <Filter>Header Files</Filter>
    </ClInclude>
  </ItemGroup>
  <ItemGroup>
    <ResourceCompile Include="Frontend.rc">
      <Filter>Resource Files</Filter>
    </ResourceCompile>
  </ItemGroup>
  <ItemGroup>
    <CustomBuild Include="smooth.h">
      <Filter>Header Files</Filter>
    </CustomBuild>
  </ItemGroup>
</Project>